
Microsoft Visual Studio Solution File, Format Version 12.00
# Visual Studio Version 16
VisualStudioVersion = 16.0.30413.136
MinimumVisualStudioVersion = 10.0.40219.1
Project("{FAE04EC0-301F-11D3-BF4B-00C04F79EFBC}") = "Tarea2NoSqlApi", "Tarea2NoSqlApi\Tarea2NoSqlApi.csproj", "{9C74692C-0DCD-42C0-B9B4-A10CCC05D32F}"
EndProject
Global
	GlobalSection(SolutionConfigurationPlatforms) = preSolution
		Debug|Any CPU = Debug|Any CPU
		Release|Any CPU = Release|Any CPU
	EndGlobalSection
	GlobalSection(ProjectConfigurationPlatforms) = postSolution
		{9C74692C-0DCD-42C0-B9B4-A10CCC05D32F}.Debug|Any CPU.ActiveCfg = Debug|Any CPU
		{9C74692C-0DCD-42C0-B9B4-A10CCC05D32F}.Debug|Any CPU.Build.0 = Debug|Any CPU
		{9C74692C-0DCD-42C0-B9B4-A10CCC05D32F}.Release|Any CPU.ActiveCfg = Release|Any CPU
		{9C74692C-0DCD-42C0-B9B4-A10CCC05D32F}.Release|Any CPU.Build.0 = Release|Any CPU
	EndGlobalSection
	GlobalSection(SolutionProperties) = preSolution
		HideSolutionNode = FALSE
	EndGlobalSection
	GlobalSection(ExtensibilityGlobals) = postSolution
		SolutionGuid = {03F68F89-395B-49C7-992C-5099323B2270}
	EndGlobalSection
EndGlobal
